
Microsoft Visual Studio Solution File, Format Version 12.00
# Visual Studio 15
VisualStudioVersion = 15.0.28307.1705
MinimumVisualStudioVersion = 10.0.40219.1
Project("{FAE04EC0-301F-11D3-BF4B-00C04F79EFBC}") = "ModbusTCP", "ModbusTCP\ModbusTCP.csproj", "{84C237E7-0A05-47DD-966E-07F944BB73AB}"
EndProject
Project("{FAE04EC0-301F-11D3-BF4B-00C04F79EFBC}") = "ModbusTCPClient", "ModbusTCPClient\ModbusTCPClient.csproj", "{F9EEA2C0-7B94-4B8C-B707-BFFA9074F83D}"
EndProject
Project("{FAE04EC0-301F-11D3-BF4B-00C04F79EFBC}") = "ModbusTCPServer", "ModbusTCPServer\ModbusTCPServer.csproj", "{21E8C4E1-A96D-4922-861C-1F9EFEA8BC63}"
EndProject
Global
	GlobalSection(SolutionConfigurationPlatforms) = preSolution
		Debug|Any CPU = Debug|Any CPU
		Release|Any CPU = Release|Any CPU
	EndGlobalSection
	GlobalSection(ProjectConfigurationPlatforms) = postSolution
		{84C237E7-0A05-47DD-966E-07F944BB73AB}.Debug|Any CPU.ActiveCfg = Debug|Any CPU
		{84C237E7-0A05-47DD-966E-07F944BB73AB}.Debug|Any CPU.Build.0 = Debug|Any CPU
		{84C237E7-0A05-47DD-966E-07F944BB73AB}.Release|Any CPU.ActiveCfg = Release|Any CPU
		{84C237E7-0A05-47DD-966E-07F944BB73AB}.Release|Any CPU.Build.0 = Release|Any CPU
		{F9EEA2C0-7B94-4B8C-B707-BFFA9074F83D}.Debug|Any CPU.ActiveCfg = Debug|Any CPU
		{F9EEA2C0-7B94-4B8C-B707-BFFA9074F83D}.Debug|Any CPU.Build.0 = Debug|Any CPU
		{F9EEA2C0-7B94-4B8C-B707-BFFA9074F83D}.Release|Any CPU.ActiveCfg = Release|Any CPU
		{F9EEA2C0-7B94-4B8C-B707-BFFA9074F83D}.Release|Any CPU.Build.0 = Release|Any CPU
		{21E8C4E1-A96D-4922-861C-1F9EFEA8BC63}.Debug|Any CPU.ActiveCfg = Debug|Any CPU
		{21E8C4E1-A96D-4922-861C-1F9EFEA8BC63}.Debug|Any CPU.Build.0 = Debug|Any CPU
		{21E8C4E1-A96D-4922-861C-1F9EFEA8BC63}.Release|Any CPU.ActiveCfg = Release|Any CPU
		{21E8C4E1-A96D-4922-861C-1F9EFEA8BC63}.Release|Any CPU.Build.0 = Release|Any CPU
	EndGlobalSection
	GlobalSection(SolutionProperties) = preSolution
		HideSolutionNode = FALSE
	EndGlobalSection
	GlobalSection(ExtensibilityGlobals) = postSolution
		SolutionGuid = {AA68CF3C-71C1-4CB5-8949-D1A0171437C8}
	EndGlobalSection
EndGlobal
